
Microsoft Visual Studio Solution File, Format Version 12.00
# Visual Studio 14
VisualStudioVersion = 14.0.25123.0
MinimumVisualStudioVersion = 10.0.40219.1
Project("{FAE04EC0-301F-11D3-BF4B-00C04F79EFBC}") = "GUI", "GUI\GUI.csproj", "{650E6C69-73C5-44A2-8F62-A5B64D9DD726}"
EndProject
Project("{FAE04EC0-301F-11D3-BF4B-00C04F79EFBC}") = "DAL", "DAL\DAL.csproj", "{B4E2EB6D-AF34-423E-8F3F-973D1808C9A9}"
EndProject
Project("{FAE04EC0-301F-11D3-BF4B-00C04F79EFBC}") = "BUS", "BUS\BUS.csproj", "{A3F25698-E522-4842-B5D6-DD5C5F64C246}"
EndProject
Project("{FAE04EC0-301F-11D3-BF4B-00C04F79EFBC}") = "Entity", "Entity\Entity.csproj", "{A7E38B8C-40B5-4490-8C65-F192596645D0}"
EndProject
Global
	GlobalSection(SolutionConfigurationPlatforms) = preSolution
		Debug|Any CPU = Debug|Any CPU
		Release|Any CPU = Release|Any CPU
	EndGlobalSection
	GlobalSection(ProjectConfigurationPlatforms) = postSolution
		{650E6C69-73C5-44A2-8F62-A5B64D9DD726}.Debug|Any CPU.ActiveCfg = Debug|Any CPU
		{650E6C69-73C5-44A2-8F62-A5B64D9DD726}.Debug|Any CPU.Build.0 = Debug|Any CPU
		{650E6C69-73C5-44A2-8F62-A5B64D9DD726}.Release|Any CPU.ActiveCfg = Release|Any CPU
		{650E6C69-73C5-44A2-8F62-A5B64D9DD726}.Release|Any CPU.Build.0 = Release|Any CPU
		{B4E2EB6D-AF34-423E-8F3F-973D1808C9A9}.Debug|Any CPU.ActiveCfg = Debug|Any CPU
		{B4E2EB6D-AF34-423E-8F3F-973D1808C9A9}.Debug|Any CPU.Build.0 = Debug|Any CPU
		{B4E2EB6D-AF34-423E-8F3F-973D1808C9A9}.Release|Any CPU.ActiveCfg = Release|Any CPU
		{B4E2EB6D-AF34-423E-8F3F-973D1808C9A9}.Release|Any CPU.Build.0 = Release|Any CPU
		{A3F25698-E522-4842-B5D6-DD5C5F64C246}.Debug|Any CPU.ActiveCfg = Debug|Any CPU
		{A3F25698-E522-4842-B5D6-DD5C5F64C246}.Debug|Any CPU.Build.0 = Debug|Any CPU
		{A3F25698-E522-4842-B5D6-DD5C5F64C246}.Release|Any CPU.ActiveCfg = Release|Any CPU
		{A3F25698-E522-4842-B5D6-DD5C5F64C246}.Release|Any CPU.Build.0 = Release|Any CPU
		{A7E38B8C-40B5-4490-8C65-F192596645D0}.Debug|Any CPU.ActiveCfg = Debug|Any CPU
		{A7E38B8C-40B5-4490-8C65-F192596645D0}.Debug|Any CPU.Build.0 = Debug|Any CPU
		{A7E38B8C-40B5-4490-8C65-F192596645D0}.Release|Any CPU.ActiveCfg = Release|Any CPU
		{A7E38B8C-40B5-4490-8C65-F192596645D0}.Release|Any CPU.Build.0 = Release|Any CPU
	EndGlobalSection
	GlobalSection(SolutionProperties) = preSolution
		HideSolutionNode = FALSE
	EndGlobalSection
EndGlobal
