
Microsoft Visual Studio Solution File, Format Version 12.00
# Visual Studio 14
VisualStudioVersion = 14.0.25123.0
MinimumVisualStudioVersion = 10.0.40219.1
Project("{FAE04EC0-301F-11D3-BF4B-00C04F79EFBC}") = "BUS", "BUS\BUS.csproj", "{361F3D41-7E9A-42DA-AD5C-2FC8B43E29BB}"
EndProject
Project("{FAE04EC0-301F-11D3-BF4B-00C04F79EFBC}") = "DAL", "DAL\DAL.csproj", "{ADA8CAE8-7936-4B77-B8D7-947DCC7B907D}"
EndProject
Project("{FAE04EC0-301F-11D3-BF4B-00C04F79EFBC}") = "Entities", "Entities\Entities.csproj", "{C33C2748-AC24-4584-8AB7-3228EAED541A}"
EndProject
Project("{FAE04EC0-301F-11D3-BF4B-00C04F79EFBC}") = "GUI", "GUI\GUI.csproj", "{650E6C69-73C5-44A2-8F62-A5B64D9DD726}"
EndProject
Global
	GlobalSection(SolutionConfigurationPlatforms) = preSolution
		Debug|Any CPU = Debug|Any CPU
		Release|Any CPU = Release|Any CPU
	EndGlobalSection
	GlobalSection(ProjectConfigurationPlatforms) = postSolution
		{361F3D41-7E9A-42DA-AD5C-2FC8B43E29BB}.Debug|Any CPU.ActiveCfg = Debug|Any CPU
		{361F3D41-7E9A-42DA-AD5C-2FC8B43E29BB}.Debug|Any CPU.Build.0 = Debug|Any CPU
		{361F3D41-7E9A-42DA-AD5C-2FC8B43E29BB}.Release|Any CPU.ActiveCfg = Release|Any CPU
		{361F3D41-7E9A-42DA-AD5C-2FC8B43E29BB}.Release|Any CPU.Build.0 = Release|Any CPU
		{ADA8CAE8-7936-4B77-B8D7-947DCC7B907D}.Debug|Any CPU.ActiveCfg = Debug|Any CPU
		{ADA8CAE8-7936-4B77-B8D7-947DCC7B907D}.Debug|Any CPU.Build.0 = Debug|Any CPU
		{ADA8CAE8-7936-4B77-B8D7-947DCC7B907D}.Release|Any CPU.ActiveCfg = Release|Any CPU
		{ADA8CAE8-7936-4B77-B8D7-947DCC7B907D}.Release|Any CPU.Build.0 = Release|Any CPU
		{C33C2748-AC24-4584-8AB7-3228EAED541A}.Debug|Any CPU.ActiveCfg = Debug|Any CPU
		{C33C2748-AC24-4584-8AB7-3228EAED541A}.Debug|Any CPU.Build.0 = Debug|Any CPU
		{C33C2748-AC24-4584-8AB7-3228EAED541A}.Release|Any CPU.ActiveCfg = Release|Any CPU
		{C33C2748-AC24-4584-8AB7-3228EAED541A}.Release|Any CPU.Build.0 = Release|Any CPU
		{650E6C69-73C5-44A2-8F62-A5B64D9DD726}.Debug|Any CPU.ActiveCfg = Debug|Any CPU
		{650E6C69-73C5-44A2-8F62-A5B64D9DD726}.Debug|Any CPU.Build.0 = Debug|Any CPU
		{650E6C69-73C5-44A2-8F62-A5B64D9DD726}.Release|Any CPU.ActiveCfg = Release|Any CPU
		{650E6C69-73C5-44A2-8F62-A5B64D9DD726}.Release|Any CPU.Build.0 = Release|Any CPU
	EndGlobalSection
	GlobalSection(SolutionProperties) = preSolution
		HideSolutionNode = FALSE
	EndGlobalSection
EndGlobal
